
Microsoft Visual Studio Solution File, Format Version 12.00
# Visual Studio 15
VisualStudioVersion = 15.0.28307.1622
MinimumVisualStudioVersion = 10.0.40219.1
Project("{F184B08F-C81C-45F6-A57F-5ABD9991F28F}") = "Projecct5", "Projecct5\Projecct5.vbproj", "{FB963429-8E23-4446-9626-4C26BFDB4C8B}"
EndProject
Global
	GlobalSection(SolutionConfigurationPlatforms) = preSolution
		Debug|Any CPU = Debug|Any CPU
		Debug|x64 = Debug|x64
		Debug|x86 = Debug|x86
		Release|Any CPU = Release|Any CPU
		Release|x64 = Release|x64
		Release|x86 = Release|x86
	EndGlobalSection
	GlobalSection(ProjectConfigurationPlatforms) = postSolution
		{FB963429-8E23-4446-9626-4C26BFDB4C8B}.Debug|Any CPU.ActiveCfg = Debug|Any CPU
		{FB963429-8E23-4446-9626-4C26BFDB4C8B}.Debug|Any CPU.Build.0 = Debug|Any CPU
		{FB963429-8E23-4446-9626-4C26BFDB4C8B}.Debug|x64.ActiveCfg = Debug|x86
		{FB963429-8E23-4446-9626-4C26BFDB4C8B}.Debug|x64.Build.0 = Debug|x86
		{FB963429-8E23-4446-9626-4C26BFDB4C8B}.Debug|x86.ActiveCfg = Debug|x86
		{FB963429-8E23-4446-9626-4C26BFDB4C8B}.Debug|x86.Build.0 = Debug|x86
		{FB963429-8E23-4446-9626-4C26BFDB4C8B}.Release|Any CPU.ActiveCfg = Release|Any CPU
		{FB963429-8E23-4446-9626-4C26BFDB4C8B}.Release|Any CPU.Build.0 = Release|Any CPU
		{FB963429-8E23-4446-9626-4C26BFDB4C8B}.Release|x64.ActiveCfg = Release|x64
		{FB963429-8E23-4446-9626-4C26BFDB4C8B}.Release|x64.Build.0 = Release|x64
		{FB963429-8E23-4446-9626-4C26BFDB4C8B}.Release|x86.ActiveCfg = Release|x86
		{FB963429-8E23-4446-9626-4C26BFDB4C8B}.Release|x86.Build.0 = Release|x86
	EndGlobalSection
	GlobalSection(SolutionProperties) = preSolution
		HideSolutionNode = FALSE
	EndGlobalSection
	GlobalSection(ExtensibilityGlobals) = postSolution
		SolutionGuid = {E8D75428-3745-4BF4-ACC4-4190CB3A2A84}
	EndGlobalSection
EndGlobal
